
Microsoft Visual Studio Solution File, Format Version 12.00
# Visual Studio Version 16
VisualStudioVersion = 16.0.31005.135
MinimumVisualStudioVersion = 10.0.40219.1
Project("{FAE04EC0-301F-11D3-BF4B-00C04F79EFBC}") = "WebApplication31", "WebApplication31\WebApplication31.csproj", "{6E2FAD90-596D-4990-B4F0-59A7FCA1260C}"
EndProject
Global
	GlobalSection(SolutionConfigurationPlatforms) = preSolution
		Debug|Any CPU = Debug|Any CPU
		Release|Any CPU = Release|Any CPU
	EndGlobalSection
	GlobalSection(ProjectConfigurationPlatforms) = postSolution
		{6E2FAD90-596D-4990-B4F0-59A7FCA1260C}.Debug|Any CPU.ActiveCfg = Debug|Any CPU
		{6E2FAD90-596D-4990-B4F0-59A7FCA1260C}.Debug|Any CPU.Build.0 = Debug|Any CPU
		{6E2FAD90-596D-4990-B4F0-59A7FCA1260C}.Release|Any CPU.ActiveCfg = Release|Any CPU
		{6E2FAD90-596D-4990-B4F0-59A7FCA1260C}.Release|Any CPU.Build.0 = Release|Any CPU
	EndGlobalSection
	GlobalSection(SolutionProperties) = preSolution
		HideSolutionNode = FALSE
	EndGlobalSection
	GlobalSection(ExtensibilityGlobals) = postSolution
		SolutionGuid = {8B915122-C468-4392-8CF3-CAD5F4A387C6}
	EndGlobalSection
EndGlobal
