
Microsoft Visual Studio Solution File, Format Version 12.00
# Visual Studio Version 16
VisualStudioVersion = 16.0.31005.135
MinimumVisualStudioVersion = 10.0.40219.1
Project("{FAE04EC0-301F-11D3-BF4B-00C04F79EFBC}") = "WebApplication15", "WebApplication15\WebApplication15.csproj", "{79895CD5-01C2-4764-AD93-509F69AC0E54}"
EndProject
Global
	GlobalSection(SolutionConfigurationPlatforms) = preSolution
		Debug|Any CPU = Debug|Any CPU
		Release|Any CPU = Release|Any CPU
	EndGlobalSection
	GlobalSection(ProjectConfigurationPlatforms) = postSolution
		{79895CD5-01C2-4764-AD93-509F69AC0E54}.Debug|Any CPU.ActiveCfg = Debug|Any CPU
		{79895CD5-01C2-4764-AD93-509F69AC0E54}.Debug|Any CPU.Build.0 = Debug|Any CPU
		{79895CD5-01C2-4764-AD93-509F69AC0E54}.Release|Any CPU.ActiveCfg = Release|Any CPU
		{79895CD5-01C2-4764-AD93-509F69AC0E54}.Release|Any CPU.Build.0 = Release|Any CPU
	EndGlobalSection
	GlobalSection(SolutionProperties) = preSolution
		HideSolutionNode = FALSE
	EndGlobalSection
	GlobalSection(ExtensibilityGlobals) = postSolution
		SolutionGuid = {7761A6DE-E383-4074-B02A-F1C5A60B0D17}
	EndGlobalSection
EndGlobal
