
Microsoft Visual Studio Solution File, Format Version 12.00
# Visual Studio Version 16
VisualStudioVersion = 16.0.31005.135
MinimumVisualStudioVersion = 10.0.40219.1
Project("{FAE04EC0-301F-11D3-BF4B-00C04F79EFBC}") = "WebApplication8", "WebApplication8\WebApplication8.csproj", "{6A65B224-5487-4907-B833-7385F8009613}"
EndProject
Global
	GlobalSection(SolutionConfigurationPlatforms) = preSolution
		Debug|Any CPU = Debug|Any CPU
		Release|Any CPU = Release|Any CPU
	EndGlobalSection
	GlobalSection(ProjectConfigurationPlatforms) = postSolution
		{6A65B224-5487-4907-B833-7385F8009613}.Debug|Any CPU.ActiveCfg = Debug|Any CPU
		{6A65B224-5487-4907-B833-7385F8009613}.Debug|Any CPU.Build.0 = Debug|Any CPU
		{6A65B224-5487-4907-B833-7385F8009613}.Release|Any CPU.ActiveCfg = Release|Any CPU
		{6A65B224-5487-4907-B833-7385F8009613}.Release|Any CPU.Build.0 = Release|Any CPU
	EndGlobalSection
	GlobalSection(SolutionProperties) = preSolution
		HideSolutionNode = FALSE
	EndGlobalSection
	GlobalSection(ExtensibilityGlobals) = postSolution
		SolutionGuid = {FDC3D136-27EA-4E7F-9EF2-5021A600FF37}
	EndGlobalSection
EndGlobal
