
Microsoft Visual Studio Solution File, Format Version 12.00
# Visual Studio Version 16
VisualStudioVersion = 16.0.31019.35
MinimumVisualStudioVersion = 10.0.40219.1
Project("{FAE04EC0-301F-11D3-BF4B-00C04F79EFBC}") = "WebApplication47", "WebApplication47\WebApplication47.csproj", "{C4B4A057-CCE2-4757-816D-5EC3A8CE6ABD}"
EndProject
Global
	GlobalSection(SolutionConfigurationPlatforms) = preSolution
		Debug|Any CPU = Debug|Any CPU
		Release|Any CPU = Release|Any CPU
	EndGlobalSection
	GlobalSection(ProjectConfigurationPlatforms) = postSolution
		{C4B4A057-CCE2-4757-816D-5EC3A8CE6ABD}.Debug|Any CPU.ActiveCfg = Debug|Any CPU
		{C4B4A057-CCE2-4757-816D-5EC3A8CE6ABD}.Debug|Any CPU.Build.0 = Debug|Any CPU
		{C4B4A057-CCE2-4757-816D-5EC3A8CE6ABD}.Release|Any CPU.ActiveCfg = Release|Any CPU
		{C4B4A057-CCE2-4757-816D-5EC3A8CE6ABD}.Release|Any CPU.Build.0 = Release|Any CPU
	EndGlobalSection
	GlobalSection(SolutionProperties) = preSolution
		HideSolutionNode = FALSE
	EndGlobalSection
	GlobalSection(ExtensibilityGlobals) = postSolution
		SolutionGuid = {7DBB2181-2055-41F8-A396-90A46D11F5F9}
	EndGlobalSection
EndGlobal
