
Microsoft Visual Studio Solution File, Format Version 12.00
# Visual Studio Version 16
VisualStudioVersion = 16.0.31005.135
MinimumVisualStudioVersion = 10.0.40219.1
Project("{FAE04EC0-301F-11D3-BF4B-00C04F79EFBC}") = "WebApplication12", "WebApplication12\WebApplication12.csproj", "{4DC3A00A-21CC-4732-8E55-5E98AB701DA7}"
EndProject
Global
	GlobalSection(SolutionConfigurationPlatforms) = preSolution
		Debug|Any CPU = Debug|Any CPU
		Release|Any CPU = Release|Any CPU
	EndGlobalSection
	GlobalSection(ProjectConfigurationPlatforms) = postSolution
		{4DC3A00A-21CC-4732-8E55-5E98AB701DA7}.Debug|Any CPU.ActiveCfg = Debug|Any CPU
		{4DC3A00A-21CC-4732-8E55-5E98AB701DA7}.Debug|Any CPU.Build.0 = Debug|Any CPU
		{4DC3A00A-21CC-4732-8E55-5E98AB701DA7}.Release|Any CPU.ActiveCfg = Release|Any CPU
		{4DC3A00A-21CC-4732-8E55-5E98AB701DA7}.Release|Any CPU.Build.0 = Release|Any CPU
	EndGlobalSection
	GlobalSection(SolutionProperties) = preSolution
		HideSolutionNode = FALSE
	EndGlobalSection
	GlobalSection(ExtensibilityGlobals) = postSolution
		SolutionGuid = {68AC63BF-F150-4087-91BD-14EA5E7FB7CE}
	EndGlobalSection
EndGlobal
