
Microsoft Visual Studio Solution File, Format Version 12.00
# Visual Studio Version 16
VisualStudioVersion = 16.0.31005.135
MinimumVisualStudioVersion = 10.0.40219.1
Project("{FAE04EC0-301F-11D3-BF4B-00C04F79EFBC}") = "WebApplication3", "WebApplication3\WebApplication3.csproj", "{2FE24024-5CBB-4A3B-84AD-C5FF15C5510F}"
EndProject
Global
	GlobalSection(SolutionConfigurationPlatforms) = preSolution
		Debug|Any CPU = Debug|Any CPU
		Release|Any CPU = Release|Any CPU
	EndGlobalSection
	GlobalSection(ProjectConfigurationPlatforms) = postSolution
		{2FE24024-5CBB-4A3B-84AD-C5FF15C5510F}.Debug|Any CPU.ActiveCfg = Debug|Any CPU
		{2FE24024-5CBB-4A3B-84AD-C5FF15C5510F}.Debug|Any CPU.Build.0 = Debug|Any CPU
		{2FE24024-5CBB-4A3B-84AD-C5FF15C5510F}.Release|Any CPU.ActiveCfg = Release|Any CPU
		{2FE24024-5CBB-4A3B-84AD-C5FF15C5510F}.Release|Any CPU.Build.0 = Release|Any CPU
	EndGlobalSection
	GlobalSection(SolutionProperties) = preSolution
		HideSolutionNode = FALSE
	EndGlobalSection
	GlobalSection(ExtensibilityGlobals) = postSolution
		SolutionGuid = {966CEA59-4238-495F-A424-32AEEA06866A}
	EndGlobalSection
EndGlobal
