
Microsoft Visual Studio Solution File, Format Version 12.00
# Visual Studio Version 16
VisualStudioVersion = 16.0.31005.135
MinimumVisualStudioVersion = 10.0.40219.1
Project("{FAE04EC0-301F-11D3-BF4B-00C04F79EFBC}") = "WebApplication20", "WebApplication20\WebApplication20.csproj", "{03273996-102C-49A0-BA4A-44D3E8E75FFF}"
EndProject
Global
	GlobalSection(SolutionConfigurationPlatforms) = preSolution
		Debug|Any CPU = Debug|Any CPU
		Release|Any CPU = Release|Any CPU
	EndGlobalSection
	GlobalSection(ProjectConfigurationPlatforms) = postSolution
		{03273996-102C-49A0-BA4A-44D3E8E75FFF}.Debug|Any CPU.ActiveCfg = Debug|Any CPU
		{03273996-102C-49A0-BA4A-44D3E8E75FFF}.Debug|Any CPU.Build.0 = Debug|Any CPU
		{03273996-102C-49A0-BA4A-44D3E8E75FFF}.Release|Any CPU.ActiveCfg = Release|Any CPU
		{03273996-102C-49A0-BA4A-44D3E8E75FFF}.Release|Any CPU.Build.0 = Release|Any CPU
	EndGlobalSection
	GlobalSection(SolutionProperties) = preSolution
		HideSolutionNode = FALSE
	EndGlobalSection
	GlobalSection(ExtensibilityGlobals) = postSolution
		SolutionGuid = {AA3EBD7C-FE35-4C6B-B6E5-D4058908A50A}
	EndGlobalSection
EndGlobal
