
Microsoft Visual Studio Solution File, Format Version 12.00
# Visual Studio Version 16
VisualStudioVersion = 16.0.30907.101
MinimumVisualStudioVersion = 10.0.40219.1
Project("{FAE04EC0-301F-11D3-BF4B-00C04F79EFBC}") = "ConsoleApp36", "ConsoleApp36\ConsoleApp36.csproj", "{CE2A5326-E10A-4035-A94F-222FF758BD82}"
EndProject
Global
	GlobalSection(SolutionConfigurationPlatforms) = preSolution
		Debug|Any CPU = Debug|Any CPU
		Release|Any CPU = Release|Any CPU
	EndGlobalSection
	GlobalSection(ProjectConfigurationPlatforms) = postSolution
		{CE2A5326-E10A-4035-A94F-222FF758BD82}.Debug|Any CPU.ActiveCfg = Debug|Any CPU
		{CE2A5326-E10A-4035-A94F-222FF758BD82}.Debug|Any CPU.Build.0 = Debug|Any CPU
		{CE2A5326-E10A-4035-A94F-222FF758BD82}.Release|Any CPU.ActiveCfg = Release|Any CPU
		{CE2A5326-E10A-4035-A94F-222FF758BD82}.Release|Any CPU.Build.0 = Release|Any CPU
	EndGlobalSection
	GlobalSection(SolutionProperties) = preSolution
		HideSolutionNode = FALSE
	EndGlobalSection
	GlobalSection(ExtensibilityGlobals) = postSolution
		SolutionGuid = {CCC996F5-D2AC-4A7E-BDFE-82EC781BBDC4}
	EndGlobalSection
EndGlobal
