
Microsoft Visual Studio Solution File, Format Version 12.00
# Visual Studio Version 16
VisualStudioVersion = 16.0.31005.135
MinimumVisualStudioVersion = 10.0.40219.1
Project("{FAE04EC0-301F-11D3-BF4B-00C04F79EFBC}") = "WebApplication5", "WebApplication5\WebApplication5.csproj", "{2BE203E4-67C9-451D-A6D3-C4AD3B13382B}"
EndProject
Global
	GlobalSection(SolutionConfigurationPlatforms) = preSolution
		Debug|Any CPU = Debug|Any CPU
		Release|Any CPU = Release|Any CPU
	EndGlobalSection
	GlobalSection(ProjectConfigurationPlatforms) = postSolution
		{2BE203E4-67C9-451D-A6D3-C4AD3B13382B}.Debug|Any CPU.ActiveCfg = Debug|Any CPU
		{2BE203E4-67C9-451D-A6D3-C4AD3B13382B}.Debug|Any CPU.Build.0 = Debug|Any CPU
		{2BE203E4-67C9-451D-A6D3-C4AD3B13382B}.Release|Any CPU.ActiveCfg = Release|Any CPU
		{2BE203E4-67C9-451D-A6D3-C4AD3B13382B}.Release|Any CPU.Build.0 = Release|Any CPU
	EndGlobalSection
	GlobalSection(SolutionProperties) = preSolution
		HideSolutionNode = FALSE
	EndGlobalSection
	GlobalSection(ExtensibilityGlobals) = postSolution
		SolutionGuid = {EA7FE820-34D5-4184-BEE6-455C7A499F58}
	EndGlobalSection
EndGlobal
