
Microsoft Visual Studio Solution File, Format Version 12.00
# Visual Studio Version 16
VisualStudioVersion = 16.0.31019.35
MinimumVisualStudioVersion = 10.0.40219.1
Project("{FAE04EC0-301F-11D3-BF4B-00C04F79EFBC}") = "WebApplication45", "WebApplication45\WebApplication45.csproj", "{3776A5B0-FF53-4487-BDD5-5ADAB454C14A}"
EndProject
Global
	GlobalSection(SolutionConfigurationPlatforms) = preSolution
		Debug|Any CPU = Debug|Any CPU
		Release|Any CPU = Release|Any CPU
	EndGlobalSection
	GlobalSection(ProjectConfigurationPlatforms) = postSolution
		{3776A5B0-FF53-4487-BDD5-5ADAB454C14A}.Debug|Any CPU.ActiveCfg = Debug|Any CPU
		{3776A5B0-FF53-4487-BDD5-5ADAB454C14A}.Debug|Any CPU.Build.0 = Debug|Any CPU
		{3776A5B0-FF53-4487-BDD5-5ADAB454C14A}.Release|Any CPU.ActiveCfg = Release|Any CPU
		{3776A5B0-FF53-4487-BDD5-5ADAB454C14A}.Release|Any CPU.Build.0 = Release|Any CPU
	EndGlobalSection
	GlobalSection(SolutionProperties) = preSolution
		HideSolutionNode = FALSE
	EndGlobalSection
	GlobalSection(ExtensibilityGlobals) = postSolution
		SolutionGuid = {FD195007-05EC-4A87-822D-12DE3DA2AF1F}
	EndGlobalSection
EndGlobal
