
Microsoft Visual Studio Solution File, Format Version 12.00
# Visual Studio Version 16
VisualStudioVersion = 16.0.30907.101
MinimumVisualStudioVersion = 10.0.40219.1
Project("{FAE04EC0-301F-11D3-BF4B-00C04F79EFBC}") = "ConsoleApp33", "ConsoleApp33\ConsoleApp33.csproj", "{497F2294-0A7F-4D10-803A-44C949FE8486}"
EndProject
Global
	GlobalSection(SolutionConfigurationPlatforms) = preSolution
		Debug|Any CPU = Debug|Any CPU
		Release|Any CPU = Release|Any CPU
	EndGlobalSection
	GlobalSection(ProjectConfigurationPlatforms) = postSolution
		{497F2294-0A7F-4D10-803A-44C949FE8486}.Debug|Any CPU.ActiveCfg = Debug|Any CPU
		{497F2294-0A7F-4D10-803A-44C949FE8486}.Debug|Any CPU.Build.0 = Debug|Any CPU
		{497F2294-0A7F-4D10-803A-44C949FE8486}.Release|Any CPU.ActiveCfg = Release|Any CPU
		{497F2294-0A7F-4D10-803A-44C949FE8486}.Release|Any CPU.Build.0 = Release|Any CPU
	EndGlobalSection
	GlobalSection(SolutionProperties) = preSolution
		HideSolutionNode = FALSE
	EndGlobalSection
	GlobalSection(ExtensibilityGlobals) = postSolution
		SolutionGuid = {27E05E02-5F0A-41B6-A3AF-804A04ED97C8}
	EndGlobalSection
EndGlobal
