
Microsoft Visual Studio Solution File, Format Version 12.00
# Visual Studio Version 16
VisualStudioVersion = 16.0.31019.35
MinimumVisualStudioVersion = 10.0.40219.1
Project("{FAE04EC0-301F-11D3-BF4B-00C04F79EFBC}") = "WebApplication51", "WebApplication51\WebApplication51.csproj", "{14CBCD80-EFA6-4B29-BB9E-788ADBEFFF78}"
EndProject
Global
	GlobalSection(SolutionConfigurationPlatforms) = preSolution
		Debug|Any CPU = Debug|Any CPU
		Release|Any CPU = Release|Any CPU
	EndGlobalSection
	GlobalSection(ProjectConfigurationPlatforms) = postSolution
		{14CBCD80-EFA6-4B29-BB9E-788ADBEFFF78}.Debug|Any CPU.ActiveCfg = Debug|Any CPU
		{14CBCD80-EFA6-4B29-BB9E-788ADBEFFF78}.Debug|Any CPU.Build.0 = Debug|Any CPU
		{14CBCD80-EFA6-4B29-BB9E-788ADBEFFF78}.Release|Any CPU.ActiveCfg = Release|Any CPU
		{14CBCD80-EFA6-4B29-BB9E-788ADBEFFF78}.Release|Any CPU.Build.0 = Release|Any CPU
	EndGlobalSection
	GlobalSection(SolutionProperties) = preSolution
		HideSolutionNode = FALSE
	EndGlobalSection
	GlobalSection(ExtensibilityGlobals) = postSolution
		SolutionGuid = {CDF1070B-1111-4983-BD0F-3B1EB7A3E616}
	EndGlobalSection
EndGlobal
