
Microsoft Visual Studio Solution File, Format Version 12.00
# Visual Studio Version 16
VisualStudioVersion = 16.0.31005.135
MinimumVisualStudioVersion = 10.0.40219.1
Project("{FAE04EC0-301F-11D3-BF4B-00C04F79EFBC}") = "WebApplication26", "WebApplication26\WebApplication26.csproj", "{92CD1F40-F3AC-4194-832F-22E7E2237EEE}"
EndProject
Global
	GlobalSection(SolutionConfigurationPlatforms) = preSolution
		Debug|Any CPU = Debug|Any CPU
		Release|Any CPU = Release|Any CPU
	EndGlobalSection
	GlobalSection(ProjectConfigurationPlatforms) = postSolution
		{92CD1F40-F3AC-4194-832F-22E7E2237EEE}.Debug|Any CPU.ActiveCfg = Debug|Any CPU
		{92CD1F40-F3AC-4194-832F-22E7E2237EEE}.Debug|Any CPU.Build.0 = Debug|Any CPU
		{92CD1F40-F3AC-4194-832F-22E7E2237EEE}.Release|Any CPU.ActiveCfg = Release|Any CPU
		{92CD1F40-F3AC-4194-832F-22E7E2237EEE}.Release|Any CPU.Build.0 = Release|Any CPU
	EndGlobalSection
	GlobalSection(SolutionProperties) = preSolution
		HideSolutionNode = FALSE
	EndGlobalSection
	GlobalSection(ExtensibilityGlobals) = postSolution
		SolutionGuid = {AA288238-4D7B-402E-A1C3-619C319D3B2C}
	EndGlobalSection
EndGlobal
